
Microsoft Visual Studio Solution File, Format Version 12.00
# Visual Studio 15
VisualStudioVersion = 15.0.28010.2041
MinimumVisualStudioVersion = 10.0.40219.1
Project("{9A19103F-16F7-4668-BE54-9A1E7A4F7556}") = "git-istage", "git-istage\git-istage.csproj", "{58604E1E-7366-40E6-B69A-E0A9E3E2BBEE}"
EndProject
Project("{FAE04EC0-301F-11D3-BF4B-00C04F79EFBC}") = "git-istage.tests", "git-istage.tests\git-istage.tests.csproj", "{29028DFB-C516-459A-B189-7CB1F9B22480}"
EndProject
Project("{2150E333-8FDC-42A3-9474-1A3956D46DE8}") = "solution-items", "solution-items", "{4DA6DC4C-4BA2-491A-B27A-943731D41795}"
	ProjectSection(SolutionItems) = preProject
		Directory.Build.props = Directory.Build.props
		Directory.Packages.props = Directory.Packages.props
	EndProjectSection
EndProject
Global
	GlobalSection(SolutionConfigurationPlatforms) = preSolution
		Debug|Any CPU = Debug|Any CPU
		Release|Any CPU = Release|Any CPU
	EndGlobalSection
	GlobalSection(ProjectConfigurationPlatforms) = postSolution
		{58604E1E-7366-40E6-B69A-E0A9E3E2BBEE}.Debug|Any CPU.ActiveCfg = Debug|Any CPU
		{58604E1E-7366-40E6-B69A-E0A9E3E2BBEE}.Debug|Any CPU.Build.0 = Debug|Any CPU
		{58604E1E-7366-40E6-B69A-E0A9E3E2BBEE}.Release|Any CPU.ActiveCfg = Release|Any CPU
		{58604E1E-7366-40E6-B69A-E0A9E3E2BBEE}.Release|Any CPU.Build.0 = Release|Any CPU
		{29028DFB-C516-459A-B189-7CB1F9B22480}.Debug|Any CPU.ActiveCfg = Debug|Any CPU
		{29028DFB-C516-459A-B189-7CB1F9B22480}.Debug|Any CPU.Build.0 = Debug|Any CPU
		{29028DFB-C516-459A-B189-7CB1F9B22480}.Release|Any CPU.ActiveCfg = Release|Any CPU
		{29028DFB-C516-459A-B189-7CB1F9B22480}.Release|Any CPU.Build.0 = Release|Any CPU
	EndGlobalSection
	GlobalSection(SolutionProperties) = preSolution
		HideSolutionNode = FALSE
	EndGlobalSection
	GlobalSection(ExtensibilityGlobals) = postSolution
		SolutionGuid = {FCE3CB62-9A35-4FFA-A073-2F5AC72E2386}
	EndGlobalSection
EndGlobal
