
Microsoft Visual Studio Solution File, Format Version 12.00
# Visual Studio 14
VisualStudioVersion = 14.0.23107.0
MinimumVisualStudioVersion = 10.0.40219.1
Project("{FAE04EC0-301F-11D3-BF4B-00C04F79EFBC}") = "git-istage", "git-istage\git-istage.csproj", "{58604E1E-7366-40E6-B69A-E0A9E3E2BBEE}"
EndProject
Global
	GlobalSection(SolutionConfigurationPlatforms) = preSolution
		Debug|Any CPU = Debug|Any CPU
		Release|Any CPU = Release|Any CPU
	EndGlobalSection
	GlobalSection(ProjectConfigurationPlatforms) = postSolution
		{58604E1E-7366-40E6-B69A-E0A9E3E2BBEE}.Debug|Any CPU.ActiveCfg = Debug|Any CPU
		{58604E1E-7366-40E6-B69A-E0A9E3E2BBEE}.Debug|Any CPU.Build.0 = Debug|Any CPU
		{58604E1E-7366-40E6-B69A-E0A9E3E2BBEE}.Release|Any CPU.ActiveCfg = Release|Any CPU
		{58604E1E-7366-40E6-B69A-E0A9E3E2BBEE}.Release|Any CPU.Build.0 = Release|Any CPU
	EndGlobalSection
	GlobalSection(SolutionProperties) = preSolution
		HideSolutionNode = FALSE
	EndGlobalSection
	GlobalSection(ExtensibilityGlobals) = postSolution
		SolutionGuid = {FCE3CB62-9A35-4FFA-A073-2F5AC72E2386}
	EndGlobalSection
EndGlobal
